
Microsoft Visual Studio Solution File, Format Version 12.00
# Visual Studio Version 16
VisualStudioVersion = 16.0.31515.178
MinimumVisualStudioVersion = 10.0.40219.1
Project("{FAE04EC0-301F-11D3-BF4B-00C04F79EFBC}") = "AccesoDatosEj01", "AccesoDatosEj01\AccesoDatosEj01.csproj", "{0644692C-0AE8-49B9-96ED-537CBABC829C}"
EndProject
Global
	GlobalSection(SolutionConfigurationPlatforms) = preSolution
		Debug|Any CPU = Debug|Any CPU
		Release|Any CPU = Release|Any CPU
	EndGlobalSection
	GlobalSection(ProjectConfigurationPlatforms) = postSolution
		{0644692C-0AE8-49B9-96ED-537CBABC829C}.Debug|Any CPU.ActiveCfg = Debug|Any CPU
		{0644692C-0AE8-49B9-96ED-537CBABC829C}.Debug|Any CPU.Build.0 = Debug|Any CPU
		{0644692C-0AE8-49B9-96ED-537CBABC829C}.Release|Any CPU.ActiveCfg = Release|Any CPU
		{0644692C-0AE8-49B9-96ED-537CBABC829C}.Release|Any CPU.Build.0 = Release|Any CPU
	EndGlobalSection
	GlobalSection(SolutionProperties) = preSolution
		HideSolutionNode = FALSE
	EndGlobalSection
	GlobalSection(ExtensibilityGlobals) = postSolution
		SolutionGuid = {ED184C55-32CF-46A5-9EE0-73915764E4A8}
	EndGlobalSection
EndGlobal
