
Microsoft Visual Studio Solution File, Format Version 12.00
# Visual Studio Version 16
VisualStudioVersion = 16.0.30413.136
MinimumVisualStudioVersion = 10.0.40219.1
Project("{FAE04EC0-301F-11D3-BF4B-00C04F79EFBC}") = "GestionAlumnos", "GestionAlumnos\GestionAlumnos.csproj", "{1548D3BF-BD97-4989-952F-6D534700E1F7}"
EndProject
Global
	GlobalSection(SolutionConfigurationPlatforms) = preSolution
		Debug|Any CPU = Debug|Any CPU
		Release|Any CPU = Release|Any CPU
	EndGlobalSection
	GlobalSection(ProjectConfigurationPlatforms) = postSolution
		{1548D3BF-BD97-4989-952F-6D534700E1F7}.Debug|Any CPU.ActiveCfg = Debug|Any CPU
		{1548D3BF-BD97-4989-952F-6D534700E1F7}.Debug|Any CPU.Build.0 = Debug|Any CPU
		{1548D3BF-BD97-4989-952F-6D534700E1F7}.Release|Any CPU.ActiveCfg = Release|Any CPU
		{1548D3BF-BD97-4989-952F-6D534700E1F7}.Release|Any CPU.Build.0 = Release|Any CPU
	EndGlobalSection
	GlobalSection(SolutionProperties) = preSolution
		HideSolutionNode = FALSE
	EndGlobalSection
	GlobalSection(ExtensibilityGlobals) = postSolution
		SolutionGuid = {17AC4D32-C74B-4F01-A7DE-32F71064804F}
	EndGlobalSection
EndGlobal
