
Microsoft Visual Studio Solution File, Format Version 12.00
# Visual Studio Version 16
VisualStudioVersion = 16.0.30413.136
MinimumVisualStudioVersion = 10.0.40219.1
Project("{FAE04EC0-301F-11D3-BF4B-00C04F79EFBC}") = "Pilas", "Pilas\Pilas.csproj", "{A6D97445-5002-44E1-A571-0340126C38F4}"
EndProject
Global
	GlobalSection(SolutionConfigurationPlatforms) = preSolution
		Debug|Any CPU = Debug|Any CPU
		Release|Any CPU = Release|Any CPU
	EndGlobalSection
	GlobalSection(ProjectConfigurationPlatforms) = postSolution
		{A6D97445-5002-44E1-A571-0340126C38F4}.Debug|Any CPU.ActiveCfg = Debug|Any CPU
		{A6D97445-5002-44E1-A571-0340126C38F4}.Debug|Any CPU.Build.0 = Debug|Any CPU
		{A6D97445-5002-44E1-A571-0340126C38F4}.Release|Any CPU.ActiveCfg = Release|Any CPU
		{A6D97445-5002-44E1-A571-0340126C38F4}.Release|Any CPU.Build.0 = Release|Any CPU
	EndGlobalSection
	GlobalSection(SolutionProperties) = preSolution
		HideSolutionNode = FALSE
	EndGlobalSection
	GlobalSection(ExtensibilityGlobals) = postSolution
		SolutionGuid = {AA62F82F-C873-4A32-8A78-A70030871F06}
	EndGlobalSection
EndGlobal
