
Microsoft Visual Studio Solution File, Format Version 12.00
# Visual Studio Version 16
VisualStudioVersion = 16.0.31515.178
MinimumVisualStudioVersion = 10.0.40219.1
Project("{FAE04EC0-301F-11D3-BF4B-00C04F79EFBC}") = "ManejoFicheros", "ManejoFicheros\ManejoFicheros.csproj", "{303ACB21-9A22-4C8F-B4A5-4757C64A3212}"
EndProject
Global
	GlobalSection(SolutionConfigurationPlatforms) = preSolution
		Debug|Any CPU = Debug|Any CPU
		Release|Any CPU = Release|Any CPU
	EndGlobalSection
	GlobalSection(ProjectConfigurationPlatforms) = postSolution
		{303ACB21-9A22-4C8F-B4A5-4757C64A3212}.Debug|Any CPU.ActiveCfg = Debug|Any CPU
		{303ACB21-9A22-4C8F-B4A5-4757C64A3212}.Debug|Any CPU.Build.0 = Debug|Any CPU
		{303ACB21-9A22-4C8F-B4A5-4757C64A3212}.Release|Any CPU.ActiveCfg = Release|Any CPU
		{303ACB21-9A22-4C8F-B4A5-4757C64A3212}.Release|Any CPU.Build.0 = Release|Any CPU
	EndGlobalSection
	GlobalSection(SolutionProperties) = preSolution
		HideSolutionNode = FALSE
	EndGlobalSection
	GlobalSection(ExtensibilityGlobals) = postSolution
		SolutionGuid = {32F6C7F2-8B0E-40FD-862B-2FFDC8F8B9EF}
	EndGlobalSection
EndGlobal
