
Microsoft Visual Studio Solution File, Format Version 12.00
# Visual Studio Version 16
VisualStudioVersion = 16.0.30413.136
MinimumVisualStudioVersion = 10.0.40219.1
Project("{FAE04EC0-301F-11D3-BF4B-00C04F79EFBC}") = "Practica07", "Practica07\Practica07.csproj", "{232F93AB-AA63-454F-ACE8-C6375E8A81BB}"
EndProject
Global
	GlobalSection(SolutionConfigurationPlatforms) = preSolution
		Debug|Any CPU = Debug|Any CPU
		Release|Any CPU = Release|Any CPU
	EndGlobalSection
	GlobalSection(ProjectConfigurationPlatforms) = postSolution
		{232F93AB-AA63-454F-ACE8-C6375E8A81BB}.Debug|Any CPU.ActiveCfg = Debug|Any CPU
		{232F93AB-AA63-454F-ACE8-C6375E8A81BB}.Debug|Any CPU.Build.0 = Debug|Any CPU
		{232F93AB-AA63-454F-ACE8-C6375E8A81BB}.Release|Any CPU.ActiveCfg = Release|Any CPU
		{232F93AB-AA63-454F-ACE8-C6375E8A81BB}.Release|Any CPU.Build.0 = Release|Any CPU
	EndGlobalSection
	GlobalSection(SolutionProperties) = preSolution
		HideSolutionNode = FALSE
	EndGlobalSection
	GlobalSection(ExtensibilityGlobals) = postSolution
		SolutionGuid = {27438628-E212-4FE8-A1D7-2BE3E98A36A3}
	EndGlobalSection
EndGlobal
